
Microsoft Visual Studio Solution File, Format Version 12.00
# Visual Studio Version 16
VisualStudioVersion = 16.0.32106.194
MinimumVisualStudioVersion = 10.0.40219.1
Project("{9A19103F-16F7-4668-BE54-9A1E7A4F7556}") = "JeansStyle.BLL", "..\JeansStyle.BLL\JeansStyle.BLL.csproj", "{BA9209DD-E2B0-4CDF-859C-83199C6C4403}"
EndProject
Project("{9A19103F-16F7-4668-BE54-9A1E7A4F7556}") = "JeansStyle.DAL", "..\JeansStyle.DAL\JeansStyle.DAL.csproj", "{F707F6BA-9460-4C61-B914-2BEA7AA01764}"
EndProject
Project("{9A19103F-16F7-4668-BE54-9A1E7A4F7556}") = "JeansStyle.API", "..\JeansStyle.API\JeansStyle.API.csproj", "{FBBC4DDF-B9D4-4836-8CD4-20CFD9811BF7}"
EndProject
Global
	GlobalSection(SolutionConfigurationPlatforms) = preSolution
		Debug|Any CPU = Debug|Any CPU
		Release|Any CPU = Release|Any CPU
	EndGlobalSection
	GlobalSection(ProjectConfigurationPlatforms) = postSolution
		{BA9209DD-E2B0-4CDF-859C-83199C6C4403}.Debug|Any CPU.ActiveCfg = Debug|Any CPU
		{BA9209DD-E2B0-4CDF-859C-83199C6C4403}.Debug|Any CPU.Build.0 = Debug|Any CPU
		{BA9209DD-E2B0-4CDF-859C-83199C6C4403}.Release|Any CPU.ActiveCfg = Release|Any CPU
		{BA9209DD-E2B0-4CDF-859C-83199C6C4403}.Release|Any CPU.Build.0 = Release|Any CPU
		{F707F6BA-9460-4C61-B914-2BEA7AA01764}.Debug|Any CPU.ActiveCfg = Debug|Any CPU
		{F707F6BA-9460-4C61-B914-2BEA7AA01764}.Debug|Any CPU.Build.0 = Debug|Any CPU
		{F707F6BA-9460-4C61-B914-2BEA7AA01764}.Release|Any CPU.ActiveCfg = Release|Any CPU
		{F707F6BA-9460-4C61-B914-2BEA7AA01764}.Release|Any CPU.Build.0 = Release|Any CPU
		{FBBC4DDF-B9D4-4836-8CD4-20CFD9811BF7}.Debug|Any CPU.ActiveCfg = Debug|Any CPU
		{FBBC4DDF-B9D4-4836-8CD4-20CFD9811BF7}.Debug|Any CPU.Build.0 = Debug|Any CPU
		{FBBC4DDF-B9D4-4836-8CD4-20CFD9811BF7}.Release|Any CPU.ActiveCfg = Release|Any CPU
		{FBBC4DDF-B9D4-4836-8CD4-20CFD9811BF7}.Release|Any CPU.Build.0 = Release|Any CPU
	EndGlobalSection
	GlobalSection(SolutionProperties) = preSolution
		HideSolutionNode = FALSE
	EndGlobalSection
	GlobalSection(ExtensibilityGlobals) = postSolution
		SolutionGuid = {BA97673E-42AD-46C4-AE60-1FB6E4A9D7DA}
	EndGlobalSection
EndGlobal
